<Solution>
  <Folder Name="/src/">
    <Project Path="src/BrainFIT.API/BrainFIT.API.csproj" />
    <Project Path="src/BrainFIT.Application/BrainFIT.Application.csproj" />
    <Project Path="src/BrainFIT.Domain/BrainFIT.Domain.csproj" />
    <Project Path="src/BrainFIT.Infrastructure/BrainFIT.Infrastructure.csproj" />
  </Folder>
</Solution>
